
Microsoft Visual Studio Solution File, Format Version 12.00
# Visual Studio Version 16
VisualStudioVersion = 16.0.29209.62
MinimumVisualStudioVersion = 10.0.40219.1
Project("{FAE04EC0-301F-11D3-BF4B-00C04F79EFBC}") = "XX.Practice.CoreApi", "XX.Practice.CoreApi\XX.Practice.CoreApi.csproj", "{3DCE9131-F02E-4BCF-8DF1-3518E58318B5}"
EndProject
Global
	GlobalSection(SolutionConfigurationPlatforms) = preSolution
		Debug|Any CPU = Debug|Any CPU
		Release|Any CPU = Release|Any CPU
	EndGlobalSection
	GlobalSection(ProjectConfigurationPlatforms) = postSolution
		{3DCE9131-F02E-4BCF-8DF1-3518E58318B5}.Debug|Any CPU.ActiveCfg = Debug|Any CPU
		{3DCE9131-F02E-4BCF-8DF1-3518E58318B5}.Debug|Any CPU.Build.0 = Debug|Any CPU
		{3DCE9131-F02E-4BCF-8DF1-3518E58318B5}.Release|Any CPU.ActiveCfg = Release|Any CPU
		{3DCE9131-F02E-4BCF-8DF1-3518E58318B5}.Release|Any CPU.Build.0 = Release|Any CPU
	EndGlobalSection
	GlobalSection(SolutionProperties) = preSolution
		HideSolutionNode = FALSE
	EndGlobalSection
	GlobalSection(ExtensibilityGlobals) = postSolution
		SolutionGuid = {17AE7673-C773-40FF-803A-36F6C7C6835F}
	EndGlobalSection
EndGlobal
